
Microsoft Visual Studio Solution File, Format Version 12.00
# Visual Studio Version 17
VisualStudioVersion = 17.1.32319.34
MinimumVisualStudioVersion = 10.0.40219.1
Project("{FAE04EC0-301F-11D3-BF4B-00C04F79EFBC}") = "Calculator", "Calculator\Calculator.csproj", "{0CEEE75B-3826-4E72-8F9A-8E5DB5BC16FF}"
EndProject
Global
	GlobalSection(SolutionConfigurationPlatforms) = preSolution
		Debug|Any CPU = Debug|Any CPU
		Release|Any CPU = Release|Any CPU
	EndGlobalSection
	GlobalSection(ProjectConfigurationPlatforms) = postSolution
		{0CEEE75B-3826-4E72-8F9A-8E5DB5BC16FF}.Debug|Any CPU.ActiveCfg = Debug|Any CPU
		{0CEEE75B-3826-4E72-8F9A-8E5DB5BC16FF}.Debug|Any CPU.Build.0 = Debug|Any CPU
		{0CEEE75B-3826-4E72-8F9A-8E5DB5BC16FF}.Release|Any CPU.ActiveCfg = Release|Any CPU
		{0CEEE75B-3826-4E72-8F9A-8E5DB5BC16FF}.Release|Any CPU.Build.0 = Release|Any CPU
	EndGlobalSection
	GlobalSection(SolutionProperties) = preSolution
		HideSolutionNode = FALSE
	EndGlobalSection
	GlobalSection(ExtensibilityGlobals) = postSolution
		SolutionGuid = {444162F7-5336-40ED-8918-372D0B2692FE}
	EndGlobalSection
EndGlobal
